
Microsoft Visual Studio Solution File, Format Version 12.00
# Visual Studio Version 16
VisualStudioVersion = 16.0.31424.327
MinimumVisualStudioVersion = 10.0.40219.1
Project("{9A19103F-16F7-4668-BE54-9A1E7A4F7556}") = "FactoryMethod", "FactoryMethod\FactoryMethod.csproj", "{0318C74A-63A3-442A-82F1-95F14BBF3D1B}"
EndProject
Project("{9A19103F-16F7-4668-BE54-9A1E7A4F7556}") = "AbstractFactory", "AbstractFactory\AbstractFactory.csproj", "{C3CCED6F-8FF5-442D-A505-F2E518BFA877}"
EndProject
Project("{9A19103F-16F7-4668-BE54-9A1E7A4F7556}") = "Builder", "Builder\Builder.csproj", "{FED57395-8026-4D62-8E1D-A72DCC3C3148}"
EndProject
Project("{9A19103F-16F7-4668-BE54-9A1E7A4F7556}") = "Prototype", "Prototype\Prototype.csproj", "{F19BE6D4-309E-49C2-8F0B-0AD6343F06EF}"
EndProject
Project("{9A19103F-16F7-4668-BE54-9A1E7A4F7556}") = "Singleton", "Singleton\Singleton.csproj", "{9138729D-3C45-43E8-8A3C-F1CE8C20048A}"
EndProject
Project("{2150E333-8FDC-42A3-9474-1A3956D46DE8}") = "StructuralDesignPatterns", "StructuralDesignPatterns", "{3E7F7702-F654-4921-B35F-4F658DA628F4}"
EndProject
Project("{2150E333-8FDC-42A3-9474-1A3956D46DE8}") = "CreationalDesignPatterns", "CreationalDesignPatterns", "{6ED6BB8B-5DC6-415A-86F7-89B653F00F50}"
EndProject
Project("{9A19103F-16F7-4668-BE54-9A1E7A4F7556}") = "Adapter", "Adapter\Adapter.csproj", "{E332A92D-A1FC-4FC1-88CA-20E0854A9D9C}"
EndProject
Project("{9A19103F-16F7-4668-BE54-9A1E7A4F7556}") = "Bridge", "Bridge\Bridge.csproj", "{00EA819C-B70B-445A-B9A5-AA83603FB0B8}"
EndProject
Project("{9A19103F-16F7-4668-BE54-9A1E7A4F7556}") = "Composite", "Composite\Composite.csproj", "{64D8E312-3DAD-4845-890B-3480209A919B}"
EndProject
Project("{FAE04EC0-301F-11D3-BF4B-00C04F79EFBC}") = "Decorator", "Decorator\Decorator.csproj", "{D7EEBC1E-4B65-4912-8926-0DBBBFB8DFFA}"
EndProject
Project("{FAE04EC0-301F-11D3-BF4B-00C04F79EFBC}") = "Facade", "Facade\Facade.csproj", "{A3A3D1F4-794E-40C1-A322-904D36972C67}"
EndProject
Global
	GlobalSection(SolutionConfigurationPlatforms) = preSolution
		Debug|Any CPU = Debug|Any CPU
		Release|Any CPU = Release|Any CPU
	EndGlobalSection
	GlobalSection(ProjectConfigurationPlatforms) = postSolution
		{0318C74A-63A3-442A-82F1-95F14BBF3D1B}.Debug|Any CPU.ActiveCfg = Debug|Any CPU
		{0318C74A-63A3-442A-82F1-95F14BBF3D1B}.Debug|Any CPU.Build.0 = Debug|Any CPU
		{0318C74A-63A3-442A-82F1-95F14BBF3D1B}.Release|Any CPU.ActiveCfg = Release|Any CPU
		{0318C74A-63A3-442A-82F1-95F14BBF3D1B}.Release|Any CPU.Build.0 = Release|Any CPU
		{C3CCED6F-8FF5-442D-A505-F2E518BFA877}.Debug|Any CPU.ActiveCfg = Debug|Any CPU
		{C3CCED6F-8FF5-442D-A505-F2E518BFA877}.Debug|Any CPU.Build.0 = Debug|Any CPU
		{C3CCED6F-8FF5-442D-A505-F2E518BFA877}.Release|Any CPU.ActiveCfg = Release|Any CPU
		{C3CCED6F-8FF5-442D-A505-F2E518BFA877}.Release|Any CPU.Build.0 = Release|Any CPU
		{FED57395-8026-4D62-8E1D-A72DCC3C3148}.Debug|Any CPU.ActiveCfg = Debug|Any CPU
		{FED57395-8026-4D62-8E1D-A72DCC3C3148}.Debug|Any CPU.Build.0 = Debug|Any CPU
		{FED57395-8026-4D62-8E1D-A72DCC3C3148}.Release|Any CPU.ActiveCfg = Release|Any CPU
		{FED57395-8026-4D62-8E1D-A72DCC3C3148}.Release|Any CPU.Build.0 = Release|Any CPU
		{F19BE6D4-309E-49C2-8F0B-0AD6343F06EF}.Debug|Any CPU.ActiveCfg = Debug|Any CPU
		{F19BE6D4-309E-49C2-8F0B-0AD6343F06EF}.Debug|Any CPU.Build.0 = Debug|Any CPU
		{F19BE6D4-309E-49C2-8F0B-0AD6343F06EF}.Release|Any CPU.ActiveCfg = Release|Any CPU
		{F19BE6D4-309E-49C2-8F0B-0AD6343F06EF}.Release|Any CPU.Build.0 = Release|Any CPU
		{9138729D-3C45-43E8-8A3C-F1CE8C20048A}.Debug|Any CPU.ActiveCfg = Debug|Any CPU
		{9138729D-3C45-43E8-8A3C-F1CE8C20048A}.Debug|Any CPU.Build.0 = Debug|Any CPU
		{9138729D-3C45-43E8-8A3C-F1CE8C20048A}.Release|Any CPU.ActiveCfg = Release|Any CPU
		{9138729D-3C45-43E8-8A3C-F1CE8C20048A}.Release|Any CPU.Build.0 = Release|Any CPU
		{E332A92D-A1FC-4FC1-88CA-20E0854A9D9C}.Debug|Any CPU.ActiveCfg = Debug|Any CPU
		{E332A92D-A1FC-4FC1-88CA-20E0854A9D9C}.Debug|Any CPU.Build.0 = Debug|Any CPU
		{E332A92D-A1FC-4FC1-88CA-20E0854A9D9C}.Release|Any CPU.ActiveCfg = Release|Any CPU
		{E332A92D-A1FC-4FC1-88CA-20E0854A9D9C}.Release|Any CPU.Build.0 = Release|Any CPU
		{00EA819C-B70B-445A-B9A5-AA83603FB0B8}.Debug|Any CPU.ActiveCfg = Debug|Any CPU
		{00EA819C-B70B-445A-B9A5-AA83603FB0B8}.Debug|Any CPU.Build.0 = Debug|Any CPU
		{00EA819C-B70B-445A-B9A5-AA83603FB0B8}.Release|Any CPU.ActiveCfg = Release|Any CPU
		{00EA819C-B70B-445A-B9A5-AA83603FB0B8}.Release|Any CPU.Build.0 = Release|Any CPU
		{64D8E312-3DAD-4845-890B-3480209A919B}.Debug|Any CPU.ActiveCfg = Debug|Any CPU
		{64D8E312-3DAD-4845-890B-3480209A919B}.Debug|Any CPU.Build.0 = Debug|Any CPU
		{64D8E312-3DAD-4845-890B-3480209A919B}.Release|Any CPU.ActiveCfg = Release|Any CPU
		{64D8E312-3DAD-4845-890B-3480209A919B}.Release|Any CPU.Build.0 = Release|Any CPU
		{D7EEBC1E-4B65-4912-8926-0DBBBFB8DFFA}.Debug|Any CPU.ActiveCfg = Debug|Any CPU
		{D7EEBC1E-4B65-4912-8926-0DBBBFB8DFFA}.Debug|Any CPU.Build.0 = Debug|Any CPU
		{D7EEBC1E-4B65-4912-8926-0DBBBFB8DFFA}.Release|Any CPU.ActiveCfg = Release|Any CPU
		{D7EEBC1E-4B65-4912-8926-0DBBBFB8DFFA}.Release|Any CPU.Build.0 = Release|Any CPU
		{A3A3D1F4-794E-40C1-A322-904D36972C67}.Debug|Any CPU.ActiveCfg = Debug|Any CPU
		{A3A3D1F4-794E-40C1-A322-904D36972C67}.Debug|Any CPU.Build.0 = Debug|Any CPU
		{A3A3D1F4-794E-40C1-A322-904D36972C67}.Release|Any CPU.ActiveCfg = Release|Any CPU
		{A3A3D1F4-794E-40C1-A322-904D36972C67}.Release|Any CPU.Build.0 = Release|Any CPU
	EndGlobalSection
	GlobalSection(SolutionProperties) = preSolution
		HideSolutionNode = FALSE
	EndGlobalSection
	GlobalSection(NestedProjects) = preSolution
		{0318C74A-63A3-442A-82F1-95F14BBF3D1B} = {6ED6BB8B-5DC6-415A-86F7-89B653F00F50}
		{C3CCED6F-8FF5-442D-A505-F2E518BFA877} = {6ED6BB8B-5DC6-415A-86F7-89B653F00F50}
		{FED57395-8026-4D62-8E1D-A72DCC3C3148} = {6ED6BB8B-5DC6-415A-86F7-89B653F00F50}
		{F19BE6D4-309E-49C2-8F0B-0AD6343F06EF} = {6ED6BB8B-5DC6-415A-86F7-89B653F00F50}
		{9138729D-3C45-43E8-8A3C-F1CE8C20048A} = {6ED6BB8B-5DC6-415A-86F7-89B653F00F50}
		{E332A92D-A1FC-4FC1-88CA-20E0854A9D9C} = {3E7F7702-F654-4921-B35F-4F658DA628F4}
		{00EA819C-B70B-445A-B9A5-AA83603FB0B8} = {3E7F7702-F654-4921-B35F-4F658DA628F4}
		{64D8E312-3DAD-4845-890B-3480209A919B} = {3E7F7702-F654-4921-B35F-4F658DA628F4}
		{D7EEBC1E-4B65-4912-8926-0DBBBFB8DFFA} = {3E7F7702-F654-4921-B35F-4F658DA628F4}
		{A3A3D1F4-794E-40C1-A322-904D36972C67} = {3E7F7702-F654-4921-B35F-4F658DA628F4}
	EndGlobalSection
	GlobalSection(ExtensibilityGlobals) = postSolution
		SolutionGuid = {0E8A362D-06F7-4B1B-BC07-7A904DF459D6}
	EndGlobalSection
EndGlobal
